// !$*UTF8*$!
{
	archiveVersion = 1;
	classes = {
	};
	objectVersion = 46;
	objects = {

/* Begin PBXBuildFile section */
		34A0B4581B7627A000023649 /* ContactsTableViewCell.m in Sources */ = {isa = PBXBuildFile; fileRef = 34A0B4571B7627A000023649 /* ContactsTableViewCell.m */; };
		34A0B45B1B766FEB00023649 /* RecentTableViewCell.m in Sources */ = {isa = PBXBuildFile; fileRef = 34A0B45A1B766FEB00023649 /* RecentTableViewCell.m */; };
		3C06BA4DD9C526D38C309478 /* libPods-CallAplication.a in Frameworks */ = {isa = PBXBuildFile; fileRef = 703D6876163156DA9B989C36 /* libPods-CallAplication.a */; };
		DB291B9C1B6625D50028C022 /* main.m in Sources */ = {isa = PBXBuildFile; fileRef = DB291B9B1B6625D50028C022 /* main.m */; };
		DB291B9F1B6625D50028C022 /* AppDelegate.m in Sources */ = {isa = PBXBuildFile; fileRef = DB291B9E1B6625D50028C022 /* AppDelegate.m */; };
		DB291BA21B6625D50028C022 /* UserRegistrationViewController.m in Sources */ = {isa = PBXBuildFile; fileRef = DB291BA11B6625D50028C022 /* UserRegistrationViewController.m */; };
		DB291BA51B6625D50028C022 /* Main.storyboard in Resources */ = {isa = PBXBuildFile; fileRef = DB291BA31B6625D50028C022 /* Main.storyboard */; };
		DB291BA71B6625D50028C022 /* Images.xcassets in Resources */ = {isa = PBXBuildFile; fileRef = DB291BA61B6625D50028C022 /* Images.xcassets */; };
		DB291BAA1B6625D50028C022 /* LaunchScreen.xib in Resources */ = {isa = PBXBuildFile; fileRef = DB291BA81B6625D50028C022 /* LaunchScreen.xib */; };
		DB291BB61B6625D50028C022 /* CallAplicationTests.m in Sources */ = {isa = PBXBuildFile; fileRef = DB291BB51B6625D50028C022 /* CallAplicationTests.m */; };
		DB291BC11B662BAB0028C022 /* RecentTableViewController.m in Sources */ = {isa = PBXBuildFile; fileRef = DB291BC01B662BAB0028C022 /* RecentTableViewController.m */; };
		DB291BC41B662BE30028C022 /* ContactsViewController.m in Sources */ = {isa = PBXBuildFile; fileRef = DB291BC31B662BE30028C022 /* ContactsViewController.m */; };
		DB291BC71B662D810028C022 /* FavoritesTableViewController.m in Sources */ = {isa = PBXBuildFile; fileRef = DB291BC61B662D810028C022 /* FavoritesTableViewController.m */; };
		DB291BCA1B66335F0028C022 /* KeyboardViewController.m in Sources */ = {isa = PBXBuildFile; fileRef = DB291BC91B66335F0028C022 /* KeyboardViewController.m */; };
		DB291BCD1B665F2C0028C022 /* SettingsViewController.m in Sources */ = {isa = PBXBuildFile; fileRef = DB291BCC1B665F2C0028C022 /* SettingsViewController.m */; };
		DB490EBD1B7499B60063CBE9 /* libsqlite3.dylib in Frameworks */ = {isa = PBXBuildFile; fileRef = DB490EBC1B7499B60063CBE9 /* libsqlite3.dylib */; };
		DB490EBF1B74A0BC0063CBE9 /* UpgradeDatabaseExample.plist in Resources */ = {isa = PBXBuildFile; fileRef = DB490EBE1B74A0BC0063CBE9 /* UpgradeDatabaseExample.plist */; };
		DB490EC11B74A8320063CBE9 /* UpgradeDatabase.plist in Resources */ = {isa = PBXBuildFile; fileRef = DB490EC01B74A8320063CBE9 /* UpgradeDatabase.plist */; };
		DB490EC41B74E7B20063CBE9 /* FavoritTableViewCell.m in Sources */ = {isa = PBXBuildFile; fileRef = DB490EC31B74E7B20063CBE9 /* FavoritTableViewCell.m */; };
		DB4B88681B734B72005D15F6 /* StartViewController.m in Sources */ = {isa = PBXBuildFile; fileRef = DB4B88671B734B72005D15F6 /* StartViewController.m */; };
		DB4B886B1B735C50005D15F6 /* ContactDetailViewController.m in Sources */ = {isa = PBXBuildFile; fileRef = DB4B886A1B735C50005D15F6 /* ContactDetailViewController.m */; };
		DB4B886D1B736609005D15F6 /* QuartzCore.framework in Frameworks */ = {isa = PBXBuildFile; fileRef = DB4B886C1B736609005D15F6 /* QuartzCore.framework */; };
		DB4B88701B73A8B4005D15F6 /* DBManager.m in Sources */ = {isa = PBXBuildFile; fileRef = DB4B886F1B73A8B4005D15F6 /* DBManager.m */; };
		DBC17C6F1B6F5AFF00BF1DE4 /* Contact.m in Sources */ = {isa = PBXBuildFile; fileRef = DBC17C6E1B6F5AFF00BF1DE4 /* Contact.m */; };
		DBD695301B6A328E00337DFF /* MyConnectionManager.m in Sources */ = {isa = PBXBuildFile; fileRef = DBD6952F1B6A328E00337DFF /* MyConnectionManager.m */; };
		DBD695331B6A331000337DFF /* MyConnection.m in Sources */ = {isa = PBXBuildFile; fileRef = DBD695321B6A331000337DFF /* MyConnection.m */; };
		DBD6953B1B6A69BB00337DFF /* libxml2.dylib in Frameworks */ = {isa = PBXBuildFile; fileRef = DBD6953A1B6A69BB00337DFF /* libxml2.dylib */; };
		DBFD97901B6B7409000958B7 /* NSDictionary+XMLDictionary.m in Sources */ = {isa = PBXBuildFile; fileRef = DBFD978F1B6B7409000958B7 /* NSDictionary+XMLDictionary.m */; };
		DBFD97961B6BA8BA000958B7 /* Myuser.m in Sources */ = {isa = PBXBuildFile; fileRef = DBFD97951B6BA8BA000958B7 /* Myuser.m */; };
		DBFD97991B6BA92A000958B7 /* SharedPreferences.m in Sources */ = {isa = PBXBuildFile; fileRef = DBFD97981B6BA92A000958B7 /* SharedPreferences.m */; };
		DBFD979E1B6BADEE000958B7 /* Localizable.strings in Resources */ = {isa = PBXBuildFile; fileRef = DBFD97A01B6BADEE000958B7 /* Localizable.strings */; };
		DBFD97A61B6BB376000958B7 /* TabBarViewController.m in Sources */ = {isa = PBXBuildFile; fileRef = DBFD97A51B6BB376000958B7 /* TabBarViewController.m */; };
		EE009AA91BA5EFCC009898C0 /* MyLanguage.m in Sources */ = {isa = PBXBuildFile; fileRef = EE009AA81BA5EFCC009898C0 /* MyLanguage.m */; };
		EE9A742B1BA6196E00084B83 /* SystemConfiguration.framework in Frameworks */ = {isa = PBXBuildFile; fileRef = EE9A742A1BA6196E00084B83 /* SystemConfiguration.framework */; };
		EE9A742E1BA61A9B00084B83 /* InternetStatus.m in Sources */ = {isa = PBXBuildFile; fileRef = EE9A742D1BA61A9B00084B83 /* InternetStatus.m */; };
/* End PBXBuildFile section */

/* Begin PBXContainerItemProxy section */
		DB291BB01B6625D50028C022 /* PBXContainerItemProxy */ = {
			isa = PBXContainerItemProxy;
			containerPortal = DB291B8E1B6625D50028C022 /* Project object */;
			proxyType = 1;
			remoteGlobalIDString = DB291B951B6625D50028C022;
			remoteInfo = CallAplication;
		};
/* End PBXContainerItemProxy section */

/* Begin PBXFileReference section */
		34A0B4561B7627A000023649 /* ContactsTableViewCell.h */ = {isa = PBXFileReference; fileEncoding = 4; lastKnownFileType = sourcecode.c.h; path = ContactsTableViewCell.h; sourceTree = "<group>"; };
		34A0B4571B7627A000023649 /* ContactsTableViewCell.m */ = {isa = PBXFileReference; fileEncoding = 4; lastKnownFileType = sourcecode.c.objc; path = ContactsTableViewCell.m; sourceTree = "<group>"; };
		34A0B4591B766FEB00023649 /* RecentTableViewCell.h */ = {isa = PBXFileReference; fileEncoding = 4; lastKnownFileType = sourcecode.c.h; path = RecentTableViewCell.h; sourceTree = "<group>"; };
		34A0B45A1B766FEB00023649 /* RecentTableViewCell.m */ = {isa = PBXFileReference; fileEncoding = 4; lastKnownFileType = sourcecode.c.objc; path = RecentTableViewCell.m; sourceTree = "<group>"; };
		5FAF003EADE7C2B717A4FE56 /* Pods-CallAplication.debug.xcconfig */ = {isa = PBXFileReference; includeInIndex = 1; lastKnownFileType = text.xcconfig; name = "Pods-CallAplication.debug.xcconfig"; path = "Pods/Target Support Files/Pods-CallAplication/Pods-CallAplication.debug.xcconfig"; sourceTree = "<group>"; };
		703D6876163156DA9B989C36 /* libPods-CallAplication.a */ = {isa = PBXFileReference; explicitFileType = archive.ar; includeInIndex = 0; path = "libPods-CallAplication.a"; sourceTree = BUILT_PRODUCTS_DIR; };
		CE703E9F6DD675AAC4E1D88A /* Pods-CallAplication.release.xcconfig */ = {isa = PBXFileReference; includeInIndex = 1; lastKnownFileType = text.xcconfig; name = "Pods-CallAplication.release.xcconfig"; path = "Pods/Target Support Files/Pods-CallAplication/Pods-CallAplication.release.xcconfig"; sourceTree = "<group>"; };
		DB291B961B6625D50028C022 /* CallAplication.app */ = {isa = PBXFileReference; explicitFileType = wrapper.application; includeInIndex = 0; path = CallAplication.app; sourceTree = BUILT_PRODUCTS_DIR; };
		DB291B9A1B6625D50028C022 /* Info.plist */ = {isa = PBXFileReference; lastKnownFileType = text.plist.xml; path = Info.plist; sourceTree = "<group>"; };
		DB291B9B1B6625D50028C022 /* main.m */ = {isa = PBXFileReference; lastKnownFileType = sourcecode.c.objc; path = main.m; sourceTree = "<group>"; };
		DB291B9D1B6625D50028C022 /* AppDelegate.h */ = {isa = PBXFileReference; lastKnownFileType = sourcecode.c.h; path = AppDelegate.h; sourceTree = "<group>"; };
		DB291B9E1B6625D50028C022 /* AppDelegate.m */ = {isa = PBXFileReference; lastKnownFileType = sourcecode.c.objc; path = AppDelegate.m; sourceTree = "<group>"; };
		DB291BA01B6625D50028C022 /* UserRegistrationViewController.h */ = {isa = PBXFileReference; lastKnownFileType = sourcecode.c.h; path = UserRegistrationViewController.h; sourceTree = "<group>"; };
		DB291BA11B6625D50028C022 /* UserRegistrationViewController.m */ = {isa = PBXFileReference; lastKnownFileType = sourcecode.c.objc; path = UserRegistrationViewController.m; sourceTree = "<group>"; };
		DB291BA41B6625D50028C022 /* Base */ = {isa = PBXFileReference; lastKnownFileType = file.storyboard; name = Base; path = Base.lproj/Main.storyboard; sourceTree = "<group>"; };
		DB291BA61B6625D50028C022 /* Images.xcassets */ = {isa = PBXFileReference; lastKnownFileType = folder.assetcatalog; path = Images.xcassets; sourceTree = "<group>"; };
		DB291BA91B6625D50028C022 /* Base */ = {isa = PBXFileReference; lastKnownFileType = file.xib; name = Base; path = Base.lproj/LaunchScreen.xib; sourceTree = "<group>"; };
		DB291BAF1B6625D50028C022 /* CallAplicationTests.xctest */ = {isa = PBXFileReference; explicitFileType = wrapper.cfbundle; includeInIndex = 0; path = CallAplicationTests.xctest; sourceTree = BUILT_PRODUCTS_DIR; };
		DB291BB41B6625D50028C022 /* Info.plist */ = {isa = PBXFileReference; lastKnownFileType = text.plist.xml; path = Info.plist; sourceTree = "<group>"; };
		DB291BB51B6625D50028C022 /* CallAplicationTests.m */ = {isa = PBXFileReference; lastKnownFileType = sourcecode.c.objc; path = CallAplicationTests.m; sourceTree = "<group>"; };
		DB291BBF1B662BAB0028C022 /* RecentTableViewController.h */ = {isa = PBXFileReference; fileEncoding = 4; lastKnownFileType = sourcecode.c.h; path = RecentTableViewController.h; sourceTree = "<group>"; };
		DB291BC01B662BAB0028C022 /* RecentTableViewController.m */ = {isa = PBXFileReference; fileEncoding = 4; lastKnownFileType = sourcecode.c.objc; path = RecentTableViewController.m; sourceTree = "<group>"; };
		DB291BC21B662BE30028C022 /* ContactsViewController.h */ = {isa = PBXFileReference; fileEncoding = 4; lastKnownFileType = sourcecode.c.h; path = ContactsViewController.h; sourceTree = "<group>"; };
		DB291BC31B662BE30028C022 /* ContactsViewController.m */ = {isa = PBXFileReference; fileEncoding = 4; lastKnownFileType = sourcecode.c.objc; path = ContactsViewController.m; sourceTree = "<group>"; };
		DB291BC51B662D810028C022 /* FavoritesTableViewController.h */ = {isa = PBXFileReference; fileEncoding = 4; lastKnownFileType = sourcecode.c.h; path = FavoritesTableViewController.h; sourceTree = "<group>"; };
		DB291BC61B662D810028C022 /* FavoritesTableViewController.m */ = {isa = PBXFileReference; fileEncoding = 4; lastKnownFileType = sourcecode.c.objc; path = FavoritesTableViewController.m; sourceTree = "<group>"; };
		DB291BC81B66335F0028C022 /* KeyboardViewController.h */ = {isa = PBXFileReference; fileEncoding = 4; lastKnownFileType = sourcecode.c.h; path = KeyboardViewController.h; sourceTree = "<group>"; };
		DB291BC91B66335F0028C022 /* KeyboardViewController.m */ = {isa = PBXFileReference; fileEncoding = 4; lastKnownFileType = sourcecode.c.objc; path = KeyboardViewController.m; sourceTree = "<group>"; };
		DB291BCB1B665F2C0028C022 /* SettingsViewController.h */ = {isa = PBXFileReference; fileEncoding = 4; lastKnownFileType = sourcecode.c.h; path = SettingsViewController.h; sourceTree = "<group>"; };
		DB291BCC1B665F2C0028C022 /* SettingsViewController.m */ = {isa = PBXFileReference; fileEncoding = 4; lastKnownFileType = sourcecode.c.objc; path = SettingsViewController.m; sourceTree = "<group>"; };
		DB490EBC1B7499B60063CBE9 /* libsqlite3.dylib */ = {isa = PBXFileReference; lastKnownFileType = "compiled.mach-o.dylib"; name = libsqlite3.dylib; path = usr/lib/libsqlite3.dylib; sourceTree = SDKROOT; };
		DB490EBE1B74A0BC0063CBE9 /* UpgradeDatabaseExample.plist */ = {isa = PBXFileReference; fileEncoding = 4; lastKnownFileType = text.plist.xml; path = UpgradeDatabaseExample.plist; sourceTree = "<group>"; };
		DB490EC01B74A8320063CBE9 /* UpgradeDatabase.plist */ = {isa = PBXFileReference; fileEncoding = 4; lastKnownFileType = text.plist.xml; path = UpgradeDatabase.plist; sourceTree = "<group>"; };
		DB490EC21B74E7B20063CBE9 /* FavoritTableViewCell.h */ = {isa = PBXFileReference; fileEncoding = 4; lastKnownFileType = sourcecode.c.h; path = FavoritTableViewCell.h; sourceTree = "<group>"; };
		DB490EC31B74E7B20063CBE9 /* FavoritTableViewCell.m */ = {isa = PBXFileReference; fileEncoding = 4; lastKnownFileType = sourcecode.c.objc; path = FavoritTableViewCell.m; sourceTree = "<group>"; };
		DB4B88661B734B72005D15F6 /* StartViewController.h */ = {isa = PBXFileReference; fileEncoding = 4; lastKnownFileType = sourcecode.c.h; name = StartViewController.h; path = CallAplication/StartViewController.h; sourceTree = "<group>"; };
		DB4B88671B734B72005D15F6 /* StartViewController.m */ = {isa = PBXFileReference; fileEncoding = 4; lastKnownFileType = sourcecode.c.objc; name = StartViewController.m; path = CallAplication/StartViewController.m; sourceTree = "<group>"; };
		DB4B88691B735C50005D15F6 /* ContactDetailViewController.h */ = {isa = PBXFileReference; fileEncoding = 4; lastKnownFileType = sourcecode.c.h; path = ContactDetailViewController.h; sourceTree = "<group>"; };
		DB4B886A1B735C50005D15F6 /* ContactDetailViewController.m */ = {isa = PBXFileReference; fileEncoding = 4; lastKnownFileType = sourcecode.c.objc; path = ContactDetailViewController.m; sourceTree = "<group>"; };
		DB4B886C1B736609005D15F6 /* QuartzCore.framework */ = {isa = PBXFileReference; lastKnownFileType = wrapper.framework; name = QuartzCore.framework; path = System/Library/Frameworks/QuartzCore.framework; sourceTree = SDKROOT; };
		DB4B886E1B73A8B4005D15F6 /* DBManager.h */ = {isa = PBXFileReference; fileEncoding = 4; lastKnownFileType = sourcecode.c.h; path = DBManager.h; sourceTree = "<group>"; };
		DB4B886F1B73A8B4005D15F6 /* DBManager.m */ = {isa = PBXFileReference; fileEncoding = 4; lastKnownFileType = sourcecode.c.objc; path = DBManager.m; sourceTree = "<group>"; };
		DBC17C6D1B6F5AFF00BF1DE4 /* Contact.h */ = {isa = PBXFileReference; fileEncoding = 4; lastKnownFileType = sourcecode.c.h; path = Contact.h; sourceTree = "<group>"; };
		DBC17C6E1B6F5AFF00BF1DE4 /* Contact.m */ = {isa = PBXFileReference; fileEncoding = 4; lastKnownFileType = sourcecode.c.objc; path = Contact.m; sourceTree = "<group>"; };
		DBD6952E1B6A328E00337DFF /* MyConnectionManager.h */ = {isa = PBXFileReference; fileEncoding = 4; lastKnownFileType = sourcecode.c.h; path = MyConnectionManager.h; sourceTree = "<group>"; };
		DBD6952F1B6A328E00337DFF /* MyConnectionManager.m */ = {isa = PBXFileReference; fileEncoding = 4; lastKnownFileType = sourcecode.c.objc; path = MyConnectionManager.m; sourceTree = "<group>"; };
		DBD695311B6A331000337DFF /* MyConnection.h */ = {isa = PBXFileReference; fileEncoding = 4; lastKnownFileType = sourcecode.c.h; path = MyConnection.h; sourceTree = "<group>"; };
		DBD695321B6A331000337DFF /* MyConnection.m */ = {isa = PBXFileReference; fileEncoding = 4; lastKnownFileType = sourcecode.c.objc; path = MyConnection.m; sourceTree = "<group>"; };
		DBD6953A1B6A69BB00337DFF /* libxml2.dylib */ = {isa = PBXFileReference; lastKnownFileType = "compiled.mach-o.dylib"; name = libxml2.dylib; path = usr/lib/libxml2.dylib; sourceTree = SDKROOT; };
		DBFD978E1B6B7409000958B7 /* NSDictionary+XMLDictionary.h */ = {isa = PBXFileReference; fileEncoding = 4; lastKnownFileType = sourcecode.c.h; path = "NSDictionary+XMLDictionary.h"; sourceTree = "<group>"; };
		DBFD978F1B6B7409000958B7 /* NSDictionary+XMLDictionary.m */ = {isa = PBXFileReference; fileEncoding = 4; lastKnownFileType = sourcecode.c.objc; path = "NSDictionary+XMLDictionary.m"; sourceTree = "<group>"; };
		DBFD97941B6BA8BA000958B7 /* Myuser.h */ = {isa = PBXFileReference; fileEncoding = 4; lastKnownFileType = sourcecode.c.h; path = Myuser.h; sourceTree = "<group>"; };
		DBFD97951B6BA8BA000958B7 /* Myuser.m */ = {isa = PBXFileReference; fileEncoding = 4; lastKnownFileType = sourcecode.c.objc; path = Myuser.m; sourceTree = "<group>"; };
		DBFD97971B6BA92A000958B7 /* SharedPreferences.h */ = {isa = PBXFileReference; fileEncoding = 4; lastKnownFileType = sourcecode.c.h; path = SharedPreferences.h; sourceTree = "<group>"; };
		DBFD97981B6BA92A000958B7 /* SharedPreferences.m */ = {isa = PBXFileReference; fileEncoding = 4; lastKnownFileType = sourcecode.c.objc; path = SharedPreferences.m; sourceTree = "<group>"; };
		DBFD979A1B6BAD0D000958B7 /* da */ = {isa = PBXFileReference; lastKnownFileType = text.plist.strings; name = da; path = da.lproj/Main.strings; sourceTree = "<group>"; };
		DBFD979B1B6BAD0D000958B7 /* da */ = {isa = PBXFileReference; lastKnownFileType = text.plist.strings; name = da; path = da.lproj/LaunchScreen.strings; sourceTree = "<group>"; };
		DBFD97A11B6BADF4000958B7 /* da */ = {isa = PBXFileReference; lastKnownFileType = text.plist.strings; name = da; path = da.lproj/Localizable.strings; sourceTree = "<group>"; };
		DBFD97A31B6BAFAB000958B7 /* en */ = {isa = PBXFileReference; lastKnownFileType = text.plist.strings; name = en; path = en.lproj/Localizable.strings; sourceTree = "<group>"; };
		DBFD97A41B6BB376000958B7 /* TabBarViewController.h */ = {isa = PBXFileReference; fileEncoding = 4; lastKnownFileType = sourcecode.c.h; path = TabBarViewController.h; sourceTree = "<group>"; };
		DBFD97A51B6BB376000958B7 /* TabBarViewController.m */ = {isa = PBXFileReference; fileEncoding = 4; lastKnownFileType = sourcecode.c.objc; path = TabBarViewController.m; sourceTree = "<group>"; };
		EE009AA71BA5EFCC009898C0 /* MyLanguage.h */ = {isa = PBXFileReference; fileEncoding = 4; lastKnownFileType = sourcecode.c.h; path = MyLanguage.h; sourceTree = "<group>"; };
		EE009AA81BA5EFCC009898C0 /* MyLanguage.m */ = {isa = PBXFileReference; fileEncoding = 4; lastKnownFileType = sourcecode.c.objc; path = MyLanguage.m; sourceTree = "<group>"; };
		EE9A742A1BA6196E00084B83 /* SystemConfiguration.framework */ = {isa = PBXFileReference; lastKnownFileType = wrapper.framework; name = SystemConfiguration.framework; path = System/Library/Frameworks/SystemConfiguration.framework; sourceTree = SDKROOT; };
		EE9A742C1BA61A9B00084B83 /* InternetStatus.h */ = {isa = PBXFileReference; fileEncoding = 4; lastKnownFileType = sourcecode.c.h; path = InternetStatus.h; sourceTree = "<group>"; };
		EE9A742D1BA61A9B00084B83 /* InternetStatus.m */ = {isa = PBXFileReference; fileEncoding = 4; lastKnownFileType = sourcecode.c.objc; path = InternetStatus.m; sourceTree = "<group>"; };
/* End PBXFileReference section */

/* Begin PBXFrameworksBuildPhase section */
		DB291B931B6625D50028C022 /* Frameworks */ = {
			isa = PBXFrameworksBuildPhase;
			buildActionMask = 2147483647;
			files = (
				EE9A742B1BA6196E00084B83 /* SystemConfiguration.framework in Frameworks */,
				DB490EBD1B7499B60063CBE9 /* libsqlite3.dylib in Frameworks */,
				DB4B886D1B736609005D15F6 /* QuartzCore.framework in Frameworks */,
				DBD6953B1B6A69BB00337DFF /* libxml2.dylib in Frameworks */,
				3C06BA4DD9C526D38C309478 /* libPods-CallAplication.a in Frameworks */,
			);
			runOnlyForDeploymentPostprocessing = 0;
		};
		DB291BAC1B6625D50028C022 /* Frameworks */ = {
			isa = PBXFrameworksBuildPhase;
			buildActionMask = 2147483647;
			files = (
			);
			runOnlyForDeploymentPostprocessing = 0;
		};
/* End PBXFrameworksBuildPhase section */

/* Begin PBXGroup section */
		5B7D43C1FB2D6034F12AA464 /* Frameworks */ = {
			isa = PBXGroup;
			children = (
				EE9A742A1BA6196E00084B83 /* SystemConfiguration.framework */,
				DB490EBC1B7499B60063CBE9 /* libsqlite3.dylib */,
				DB4B886C1B736609005D15F6 /* QuartzCore.framework */,
				DBD6953A1B6A69BB00337DFF /* libxml2.dylib */,
				703D6876163156DA9B989C36 /* libPods-CallAplication.a */,
			);
			name = Frameworks;
			sourceTree = "<group>";
		};
		DB291B8D1B6625D50028C022 = {
			isa = PBXGroup;
			children = (
				DB291B981B6625D50028C022 /* CallAplication */,
				DB291BB21B6625D50028C022 /* CallAplicationTests */,
				DB291B971B6625D50028C022 /* Products */,
				FE45E300627764852E5A359B /* Pods */,
				5B7D43C1FB2D6034F12AA464 /* Frameworks */,
			);
			sourceTree = "<group>";
		};
		DB291B971B6625D50028C022 /* Products */ = {
			isa = PBXGroup;
			children = (
				DB291B961B6625D50028C022 /* CallAplication.app */,
				DB291BAF1B6625D50028C022 /* CallAplicationTests.xctest */,
			);
			name = Products;
			sourceTree = "<group>";
		};
		DB291B981B6625D50028C022 /* CallAplication */ = {
			isa = PBXGroup;
			children = (
				DB291BA01B6625D50028C022 /* UserRegistrationViewController.h */,
				DB291BA11B6625D50028C022 /* UserRegistrationViewController.m */,
				DBFD97A41B6BB376000958B7 /* TabBarViewController.h */,
				DBFD97A51B6BB376000958B7 /* TabBarViewController.m */,
				DB291BC51B662D810028C022 /* FavoritesTableViewController.h */,
				DB291BC61B662D810028C022 /* FavoritesTableViewController.m */,
				DB291BBF1B662BAB0028C022 /* RecentTableViewController.h */,
				DB291BC01B662BAB0028C022 /* RecentTableViewController.m */,
				DB291BC21B662BE30028C022 /* ContactsViewController.h */,
				DB291BC31B662BE30028C022 /* ContactsViewController.m */,
				DB4B88691B735C50005D15F6 /* ContactDetailViewController.h */,
				DB4B886A1B735C50005D15F6 /* ContactDetailViewController.m */,
				DB291BC81B66335F0028C022 /* KeyboardViewController.h */,
				DB291BC91B66335F0028C022 /* KeyboardViewController.m */,
				DB291BCB1B665F2C0028C022 /* SettingsViewController.h */,
				DB291BCC1B665F2C0028C022 /* SettingsViewController.m */,
				DB291BA31B6625D50028C022 /* Main.storyboard */,
				DB291BA61B6625D50028C022 /* Images.xcassets */,
				DBAB15241B67C37E00EADB9C /* Model */,
				EE009AA61BA5EFB6009898C0 /* enum */,
				DBFD978D1B6B73D5000958B7 /* External classes */,
				DB291B991B6625D50028C022 /* Supporting Files */,
				EE009AA51BA5EC73009898C0 /* old */,
			);
			path = CallAplication;
			sourceTree = "<group>";
		};
		DB291B991B6625D50028C022 /* Supporting Files */ = {
			isa = PBXGroup;
			children = (
				DB291B9D1B6625D50028C022 /* AppDelegate.h */,
				DB291B9E1B6625D50028C022 /* AppDelegate.m */,
				DB291BA81B6625D50028C022 /* LaunchScreen.xib */,
				DB291B9A1B6625D50028C022 /* Info.plist */,
				DB291B9B1B6625D50028C022 /* main.m */,
				DBFD97A01B6BADEE000958B7 /* Localizable.strings */,
				DB490EBE1B74A0BC0063CBE9 /* UpgradeDatabaseExample.plist */,
				DB490EC01B74A8320063CBE9 /* UpgradeDatabase.plist */,
			);
			name = "Supporting Files";
			sourceTree = "<group>";
		};
		DB291BB21B6625D50028C022 /* CallAplicationTests */ = {
			isa = PBXGroup;
			children = (
				DB291BB51B6625D50028C022 /* CallAplicationTests.m */,
				DB291BB31B6625D50028C022 /* Supporting Files */,
			);
			path = CallAplicationTests;
			sourceTree = "<group>";
		};
		DB291BB31B6625D50028C022 /* Supporting Files */ = {
			isa = PBXGroup;
			children = (
				DB291BB41B6625D50028C022 /* Info.plist */,
			);
			name = "Supporting Files";
			sourceTree = "<group>";
		};
		DBAB15241B67C37E00EADB9C /* Model */ = {
			isa = PBXGroup;
			children = (
				DBFD97941B6BA8BA000958B7 /* Myuser.h */,
				DBFD97951B6BA8BA000958B7 /* Myuser.m */,
				DBD6952E1B6A328E00337DFF /* MyConnectionManager.h */,
				DBD6952F1B6A328E00337DFF /* MyConnectionManager.m */,
				DBD695311B6A331000337DFF /* MyConnection.h */,
				DBD695321B6A331000337DFF /* MyConnection.m */,
				DBFD97971B6BA92A000958B7 /* SharedPreferences.h */,
				DBFD97981B6BA92A000958B7 /* SharedPreferences.m */,
				DBC17C6D1B6F5AFF00BF1DE4 /* Contact.h */,
				DBC17C6E1B6F5AFF00BF1DE4 /* Contact.m */,
				DB4B886E1B73A8B4005D15F6 /* DBManager.h */,
				DB4B886F1B73A8B4005D15F6 /* DBManager.m */,
				DB490EC21B74E7B20063CBE9 /* FavoritTableViewCell.h */,
				DB490EC31B74E7B20063CBE9 /* FavoritTableViewCell.m */,
				34A0B4561B7627A000023649 /* ContactsTableViewCell.h */,
				34A0B4571B7627A000023649 /* ContactsTableViewCell.m */,
				34A0B4591B766FEB00023649 /* RecentTableViewCell.h */,
				34A0B45A1B766FEB00023649 /* RecentTableViewCell.m */,
			);
			name = Model;
			sourceTree = "<group>";
		};
		DBFD978D1B6B73D5000958B7 /* External classes */ = {
			isa = PBXGroup;
			children = (
				DBFD978E1B6B7409000958B7 /* NSDictionary+XMLDictionary.h */,
				DBFD978F1B6B7409000958B7 /* NSDictionary+XMLDictionary.m */,
				EE9A742C1BA61A9B00084B83 /* InternetStatus.h */,
				EE9A742D1BA61A9B00084B83 /* InternetStatus.m */,
			);
			name = "External classes";
			sourceTree = "<group>";
		};
		EE009AA51BA5EC73009898C0 /* old */ = {
			isa = PBXGroup;
			children = (
				DB4B88661B734B72005D15F6 /* StartViewController.h */,
				DB4B88671B734B72005D15F6 /* StartViewController.m */,
			);
			name = old;
			path = ..;
			sourceTree = "<group>";
		};
		EE009AA61BA5EFB6009898C0 /* enum */ = {
			isa = PBXGroup;
			children = (
				EE009AA71BA5EFCC009898C0 /* MyLanguage.h */,
				EE009AA81BA5EFCC009898C0 /* MyLanguage.m */,
			);
			name = enum;
			sourceTree = "<group>";
		};
		FE45E300627764852E5A359B /* Pods */ = {
			isa = PBXGroup;
			children = (
				5FAF003EADE7C2B717A4FE56 /* Pods-CallAplication.debug.xcconfig */,
				CE703E9F6DD675AAC4E1D88A /* Pods-CallAplication.release.xcconfig */,
			);
			name = Pods;
			sourceTree = "<group>";
		};
/* End PBXGroup section */

/* Begin PBXNativeTarget section */
		DB291B951B6625D50028C022 /* CallAplication */ = {
			isa = PBXNativeTarget;
			buildConfigurationList = DB291BB91B6625D50028C022 /* Build configuration list for PBXNativeTarget "CallAplication" */;
			buildPhases = (
				B1B3E802D89BC93716B1615C /* Check Pods Manifest.lock */,
				DB291B921B6625D50028C022 /* Sources */,
				DB291B931B6625D50028C022 /* Frameworks */,
				DB291B941B6625D50028C022 /* Resources */,
				322A790AC95DC3981B8FA42A /* Copy Pods Resources */,
			);
			buildRules = (
			);
			dependencies = (
			);
			name = CallAplication;
			productName = CallAplication;
			productReference = DB291B961B6625D50028C022 /* CallAplication.app */;
			productType = "com.apple.product-type.application";
		};
		DB291BAE1B6625D50028C022 /* CallAplicationTests */ = {
			isa = PBXNativeTarget;
			buildConfigurationList = DB291BBC1B6625D50028C022 /* Build configuration list for PBXNativeTarget "CallAplicationTests" */;
			buildPhases = (
				DB291BAB1B6625D50028C022 /* Sources */,
				DB291BAC1B6625D50028C022 /* Frameworks */,
				DB291BAD1B6625D50028C022 /* Resources */,
			);
			buildRules = (
			);
			dependencies = (
				DB291BB11B6625D50028C022 /* PBXTargetDependency */,
			);
			name = CallAplicationTests;
			productName = CallAplicationTests;
			productReference = DB291BAF1B6625D50028C022 /* CallAplicationTests.xctest */;
			productType = "com.apple.product-type.bundle.unit-test";
		};
/* End PBXNativeTarget section */

/* Begin PBXProject section */
		DB291B8E1B6625D50028C022 /* Project object */ = {
			isa = PBXProject;
			attributes = {
				LastUpgradeCheck = 0640;
				ORGANIZATIONNAME = "David Tomic";
				TargetAttributes = {
					DB291B951B6625D50028C022 = {
						CreatedOnToolsVersion = 6.4;
						DevelopmentTeam = M9NWKGWJ5P;
					};
					DB291BAE1B6625D50028C022 = {
						CreatedOnToolsVersion = 6.4;
						TestTargetID = DB291B951B6625D50028C022;
					};
				};
			};
			buildConfigurationList = DB291B911B6625D50028C022 /* Build configuration list for PBXProject "CallAplication" */;
			compatibilityVersion = "Xcode 3.2";
			developmentRegion = English;
			hasScannedForEncodings = 0;
			knownRegions = (
				en,
				Base,
				da,
			);
			mainGroup = DB291B8D1B6625D50028C022;
			productRefGroup = DB291B971B6625D50028C022 /* Products */;
			projectDirPath = "";
			projectRoot = "";
			targets = (
				DB291B951B6625D50028C022 /* CallAplication */,
				DB291BAE1B6625D50028C022 /* CallAplicationTests */,
			);
		};
/* End PBXProject section */

/* Begin PBXResourcesBuildPhase section */
		DB291B941B6625D50028C022 /* Resources */ = {
			isa = PBXResourcesBuildPhase;
			buildActionMask = 2147483647;
			files = (
				DB490EC11B74A8320063CBE9 /* UpgradeDatabase.plist in Resources */,
				DB291BA51B6625D50028C022 /* Main.storyboard in Resources */,
				DB490EBF1B74A0BC0063CBE9 /* UpgradeDatabaseExample.plist in Resources */,
				DB291BAA1B6625D50028C022 /* LaunchScreen.xib in Resources */,
				DBFD979E1B6BADEE000958B7 /* Localizable.strings in Resources */,
				DB291BA71B6625D50028C022 /* Images.xcassets in Resources */,
			);
			runOnlyForDeploymentPostprocessing = 0;
		};
		DB291BAD1B6625D50028C022 /* Resources */ = {
			isa = PBXResourcesBuildPhase;
			buildActionMask = 2147483647;
			files = (
			);
			runOnlyForDeploymentPostprocessing = 0;
		};
/* End PBXResourcesBuildPhase section */

/* Begin PBXShellScriptBuildPhase section */
		322A790AC95DC3981B8FA42A /* Copy Pods Resources */ = {
			isa = PBXShellScriptBuildPhase;
			buildActionMask = 2147483647;
			files = (
			);
			inputPaths = (
			);
			name = "Copy Pods Resources";
			outputPaths = (
			);
			runOnlyForDeploymentPostprocessing = 0;
			shellPath = /bin/sh;
			shellScript = "\"${SRCROOT}/Pods/Target Support Files/Pods-CallAplication/Pods-CallAplication-resources.sh\"\n";
			showEnvVarsInLog = 0;
		};
		B1B3E802D89BC93716B1615C /* Check Pods Manifest.lock */ = {
			isa = PBXShellScriptBuildPhase;
			buildActionMask = 2147483647;
			files = (
			);
			inputPaths = (
			);
			name = "Check Pods Manifest.lock";
			outputPaths = (
			);
			runOnlyForDeploymentPostprocessing = 0;
			shellPath = /bin/sh;
			shellScript = "diff \"${PODS_ROOT}/../Podfile.lock\" \"${PODS_ROOT}/Manifest.lock\" > /dev/null\nif [[ $? != 0 ]] ; then\n    cat << EOM\nerror: The sandbox is not in sync with the Podfile.lock. Run 'pod install' or update your CocoaPods installation.\nEOM\n    exit 1\nfi\n";
			showEnvVarsInLog = 0;
		};
/* End PBXShellScriptBuildPhase section */

/* Begin PBXSourcesBuildPhase section */
		DB291B921B6625D50028C022 /* Sources */ = {
			isa = PBXSourcesBuildPhase;
			buildActionMask = 2147483647;
			files = (
				34A0B4581B7627A000023649 /* ContactsTableViewCell.m in Sources */,
				DBFD97961B6BA8BA000958B7 /* Myuser.m in Sources */,
				DB291BA21B6625D50028C022 /* UserRegistrationViewController.m in Sources */,
				DBFD97A61B6BB376000958B7 /* TabBarViewController.m in Sources */,
				DB4B88701B73A8B4005D15F6 /* DBManager.m in Sources */,
				DBFD97991B6BA92A000958B7 /* SharedPreferences.m in Sources */,
				DB4B886B1B735C50005D15F6 /* ContactDetailViewController.m in Sources */,
				EE9A742E1BA61A9B00084B83 /* InternetStatus.m in Sources */,
				34A0B45B1B766FEB00023649 /* RecentTableViewCell.m in Sources */,
				DB291B9F1B6625D50028C022 /* AppDelegate.m in Sources */,
				DB291BCA1B66335F0028C022 /* KeyboardViewController.m in Sources */,
				DBD695331B6A331000337DFF /* MyConnection.m in Sources */,
				DB490EC41B74E7B20063CBE9 /* FavoritTableViewCell.m in Sources */,
				DBD695301B6A328E00337DFF /* MyConnectionManager.m in Sources */,
				EE009AA91BA5EFCC009898C0 /* MyLanguage.m in Sources */,
				DBFD97901B6B7409000958B7 /* NSDictionary+XMLDictionary.m in Sources */,
				DB291BCD1B665F2C0028C022 /* SettingsViewController.m in Sources */,
				DB291BC41B662BE30028C022 /* ContactsViewController.m in Sources */,
				DB291BC71B662D810028C022 /* FavoritesTableViewController.m in Sources */,
				DBC17C6F1B6F5AFF00BF1DE4 /* Contact.m in Sources */,
				DB4B88681B734B72005D15F6 /* StartViewController.m in Sources */,
				DB291B9C1B6625D50028C022 /* main.m in Sources */,
				DB291BC11B662BAB0028C022 /* RecentTableViewController.m in Sources */,
			);
			runOnlyForDeploymentPostprocessing = 0;
		};
		DB291BAB1B6625D50028C022 /* Sources */ = {
			isa = PBXSourcesBuildPhase;
			buildActionMask = 2147483647;
			files = (
				DB291BB61B6625D50028C022 /* CallAplicationTests.m in Sources */,
			);
			runOnlyForDeploymentPostprocessing = 0;
		};
/* End PBXSourcesBuildPhase section */

/* Begin PBXTargetDependency section */
		DB291BB11B6625D50028C022 /* PBXTargetDependency */ = {
			isa = PBXTargetDependency;
			target = DB291B951B6625D50028C022 /* CallAplication */;
			targetProxy = DB291BB01B6625D50028C022 /* PBXContainerItemProxy */;
		};
/* End PBXTargetDependency section */

/* Begin PBXVariantGroup section */
		DB291BA31B6625D50028C022 /* Main.storyboard */ = {
			isa = PBXVariantGroup;
			children = (
				DB291BA41B6625D50028C022 /* Base */,
				DBFD979A1B6BAD0D000958B7 /* da */,
			);
			name = Main.storyboard;
			sourceTree = "<group>";
		};
		DB291BA81B6625D50028C022 /* LaunchScreen.xib */ = {
			isa = PBXVariantGroup;
			children = (
				DB291BA91B6625D50028C022 /* Base */,
				DBFD979B1B6BAD0D000958B7 /* da */,
			);
			name = LaunchScreen.xib;
			sourceTree = "<group>";
		};
		DBFD97A01B6BADEE000958B7 /* Localizable.strings */ = {
			isa = PBXVariantGroup;
			children = (
				DBFD97A11B6BADF4000958B7 /* da */,
				DBFD97A31B6BAFAB000958B7 /* en */,
			);
			name = Localizable.strings;
			sourceTree = "<group>";
		};
/* End PBXVariantGroup section */

/* Begin XCBuildConfiguration section */
		DB291BB71B6625D50028C022 /* Debug */ = {
			isa = XCBuildConfiguration;
			buildSettings = {
				ALWAYS_SEARCH_USER_PATHS = NO;
				CLANG_CXX_LANGUAGE_STANDARD = "gnu++0x";
				CLANG_CXX_LIBRARY = "libc++";
				CLANG_ENABLE_MODULES = YES;
				CLANG_ENABLE_OBJC_ARC = YES;
				CLANG_WARN_BOOL_CONVERSION = YES;
				CLANG_WARN_CONSTANT_CONVERSION = YES;
				CLANG_WARN_DIRECT_OBJC_ISA_USAGE = YES_ERROR;
				CLANG_WARN_EMPTY_BODY = YES;
				CLANG_WARN_ENUM_CONVERSION = YES;
				CLANG_WARN_INT_CONVERSION = YES;
				CLANG_WARN_OBJC_ROOT_CLASS = YES_ERROR;
				CLANG_WARN_UNREACHABLE_CODE = YES;
				CLANG_WARN__DUPLICATE_METHOD_MATCH = YES;
				"CODE_SIGN_IDENTITY[sdk=iphoneos*]" = "iPhone Developer";
				COPY_PHASE_STRIP = NO;
				DEBUG_INFORMATION_FORMAT = "dwarf-with-dsym";
				ENABLE_STRICT_OBJC_MSGSEND = YES;
				GCC_C_LANGUAGE_STANDARD = gnu99;
				GCC_DYNAMIC_NO_PIC = NO;
				GCC_NO_COMMON_BLOCKS = YES;
				GCC_OPTIMIZATION_LEVEL = 0;
				GCC_PREPROCESSOR_DEFINITIONS = (
					"DEBUG=1",
					"$(inherited)",
				);
				GCC_SYMBOLS_PRIVATE_EXTERN = NO;
				GCC_WARN_64_TO_32_BIT_CONVERSION = YES;
				GCC_WARN_ABOUT_RETURN_TYPE = YES_ERROR;
				GCC_WARN_UNDECLARED_SELECTOR = YES;
				GCC_WARN_UNINITIALIZED_AUTOS = YES_AGGRESSIVE;
				GCC_WARN_UNUSED_FUNCTION = YES;
				GCC_WARN_UNUSED_VARIABLE = YES;
				IPHONEOS_DEPLOYMENT_TARGET = 7.0;
				MTL_ENABLE_DEBUG_INFO = YES;
				ONLY_ACTIVE_ARCH = YES;
				SDKROOT = iphoneos;
			};
			name = Debug;
		};
		DB291BB81B6625D50028C022 /* Release */ = {
			isa = XCBuildConfiguration;
			buildSettings = {
				ALWAYS_SEARCH_USER_PATHS = NO;
				CLANG_CXX_LANGUAGE_STANDARD = "gnu++0x";
				CLANG_CXX_LIBRARY = "libc++";
				CLANG_ENABLE_MODULES = YES;
				CLANG_ENABLE_OBJC_ARC = YES;
				CLANG_WARN_BOOL_CONVERSION = YES;
				CLANG_WARN_CONSTANT_CONVERSION = YES;
				CLANG_WARN_DIRECT_OBJC_ISA_USAGE = YES_ERROR;
				CLANG_WARN_EMPTY_BODY = YES;
				CLANG_WARN_ENUM_CONVERSION = YES;
				CLANG_WARN_INT_CONVERSION = YES;
				CLANG_WARN_OBJC_ROOT_CLASS = YES_ERROR;
				CLANG_WARN_UNREACHABLE_CODE = YES;
				CLANG_WARN__DUPLICATE_METHOD_MATCH = YES;
				"CODE_SIGN_IDENTITY[sdk=iphoneos*]" = "iPhone Developer";
				COPY_PHASE_STRIP = NO;
				DEBUG_INFORMATION_FORMAT = "dwarf-with-dsym";
				ENABLE_NS_ASSERTIONS = NO;
				ENABLE_STRICT_OBJC_MSGSEND = YES;
				GCC_C_LANGUAGE_STANDARD = gnu99;
				GCC_NO_COMMON_BLOCKS = YES;
				GCC_WARN_64_TO_32_BIT_CONVERSION = YES;
				GCC_WARN_ABOUT_RETURN_TYPE = YES_ERROR;
				GCC_WARN_UNDECLARED_SELECTOR = YES;
				GCC_WARN_UNINITIALIZED_AUTOS = YES_AGGRESSIVE;
				GCC_WARN_UNUSED_FUNCTION = YES;
				GCC_WARN_UNUSED_VARIABLE = YES;
				IPHONEOS_DEPLOYMENT_TARGET = 7.0;
				MTL_ENABLE_DEBUG_INFO = NO;
				SDKROOT = iphoneos;
				VALIDATE_PRODUCT = YES;
			};
			name = Release;
		};
		DB291BBA1B6625D50028C022 /* Debug */ = {
			isa = XCBuildConfiguration;
			baseConfigurationReference = 5FAF003EADE7C2B717A4FE56 /* Pods-CallAplication.debug.xcconfig */;
			buildSettings = {
				ASSETCATALOG_COMPILER_APPICON_NAME = AppIcon;
				ASSETCATALOG_COMPILER_LAUNCHIMAGE_NAME = "LaunchImage-2";
				CODE_SIGN_IDENTITY = "iPhone Developer";
				"CODE_SIGN_IDENTITY[sdk=iphoneos*]" = "iPhone Developer";
				FRAMEWORK_SEARCH_PATHS = "$(inherited)";
				INFOPLIST_FILE = CallAplication/Info.plist;
				IPHONEOS_DEPLOYMENT_TARGET = 7.0;
				LD_RUNPATH_SEARCH_PATHS = "$(inherited) @executable_path/Frameworks";
				OTHER_LDFLAGS = (
					"-ObjC",
					"-l\"Pods-CallAplication-FontasticIcons\"",
					"-l\"Pods-CallAplication-JCDialPad\"",
					"-l\"Pods-CallAplication-libPhoneNumber-iOS\"",
					"-l\"xml2\"",
					"-lxml2",
				);
				PRODUCT_NAME = "$(TARGET_NAME)";
				PROVISIONING_PROFILE = "";
			};
			name = Debug;
		};
		DB291BBB1B6625D50028C022 /* Release */ = {
			isa = XCBuildConfiguration;
			baseConfigurationReference = CE703E9F6DD675AAC4E1D88A /* Pods-CallAplication.release.xcconfig */;
			buildSettings = {
				ASSETCATALOG_COMPILER_APPICON_NAME = AppIcon;
				ASSETCATALOG_COMPILER_LAUNCHIMAGE_NAME = "LaunchImage-2";
				CODE_SIGN_IDENTITY = "iPhone Developer";
				"CODE_SIGN_IDENTITY[sdk=iphoneos*]" = "iPhone Developer";
				FRAMEWORK_SEARCH_PATHS = "$(inherited)";
				INFOPLIST_FILE = CallAplication/Info.plist;
				IPHONEOS_DEPLOYMENT_TARGET = 7.0;
				LD_RUNPATH_SEARCH_PATHS = "$(inherited) @executable_path/Frameworks";
				OTHER_LDFLAGS = (
					"-ObjC",
					"-l\"Pods-CallAplication-FontasticIcons\"",
					"-l\"Pods-CallAplication-JCDialPad\"",
					"-l\"Pods-CallAplication-libPhoneNumber-iOS\"",
					"-l\"xml2\"",
					"-lxml2",
				);
				PRODUCT_NAME = "$(TARGET_NAME)";
				PROVISIONING_PROFILE = "";
			};
			name = Release;
		};
		DB291BBD1B6625D50028C022 /* Debug */ = {
			isa = XCBuildConfiguration;
			buildSettings = {
				BUNDLE_LOADER = "$(TEST_HOST)";
				FRAMEWORK_SEARCH_PATHS = (
					"$(SDKROOT)/Developer/Library/Frameworks",
					"$(inherited)",
				);
				GCC_PREPROCESSOR_DEFINITIONS = (
					"DEBUG=1",
					"$(inherited)",
				);
				INFOPLIST_FILE = CallAplicationTests/Info.plist;
				LD_RUNPATH_SEARCH_PATHS = "$(inherited) @executable_path/Frameworks @loader_path/Frameworks";
				PRODUCT_NAME = "$(TARGET_NAME)";
				TEST_HOST = "$(BUILT_PRODUCTS_DIR)/CallAplication.app/CallAplication";
			};
			name = Debug;
		};
		DB291BBE1B6625D50028C022 /* Release */ = {
			isa = XCBuildConfiguration;
			buildSettings = {
				BUNDLE_LOADER = "$(TEST_HOST)";
				FRAMEWORK_SEARCH_PATHS = (
					"$(SDKROOT)/Developer/Library/Frameworks",
					"$(inherited)",
				);
				INFOPLIST_FILE = CallAplicationTests/Info.plist;
				LD_RUNPATH_SEARCH_PATHS = "$(inherited) @executable_path/Frameworks @loader_path/Frameworks";
				PRODUCT_NAME = "$(TARGET_NAME)";
				TEST_HOST = "$(BUILT_PRODUCTS_DIR)/CallAplication.app/CallAplication";
			};
			name = Release;
		};
/* End XCBuildConfiguration section */

/* Begin XCConfigurationList section */
		DB291B911B6625D50028C022 /* Build configuration list for PBXProject "CallAplication" */ = {
			isa = XCConfigurationList;
			buildConfigurations = (
				DB291BB71B6625D50028C022 /* Debug */,
				DB291BB81B6625D50028C022 /* Release */,
			);
			defaultConfigurationIsVisible = 0;
			defaultConfigurationName = Release;
		};
		DB291BB91B6625D50028C022 /* Build configuration list for PBXNativeTarget "CallAplication" */ = {
			isa = XCConfigurationList;
			buildConfigurations = (
				DB291BBA1B6625D50028C022 /* Debug */,
				DB291BBB1B6625D50028C022 /* Release */,
			);
			defaultConfigurationIsVisible = 0;
			defaultConfigurationName = Release;
		};
		DB291BBC1B6625D50028C022 /* Build configuration list for PBXNativeTarget "CallAplicationTests" */ = {
			isa = XCConfigurationList;
			buildConfigurations = (
				DB291BBD1B6625D50028C022 /* Debug */,
				DB291BBE1B6625D50028C022 /* Release */,
			);
			defaultConfigurationIsVisible = 0;
			defaultConfigurationName = Release;
		};
/* End XCConfigurationList section */
	};
	rootObject = DB291B8E1B6625D50028C022 /* Project object */;
}
